
Microsoft Visual Studio Solution File, Format Version 12.00
# Visual Studio Version 16
VisualStudioVersion = 16.0.30907.101
MinimumVisualStudioVersion = 10.0.40219.1
Project("{FAE04EC0-301F-11D3-BF4B-00C04F79EFBC}") = "Proxy", "proxy\Proxy.csproj", "{EC96CF69-CBA4-4620-B7C4-204001025151}"
EndProject
Project("{FAE04EC0-301F-11D3-BF4B-00C04F79EFBC}") = "ProxyTest", "proxy_test\ProxyTest.csproj", "{38924468-F70E-4490-8AB9-3D357762CF7C}"
EndProject
Global
	GlobalSection(SolutionConfigurationPlatforms) = preSolution
		Debug|Any CPU = Debug|Any CPU
		Debug|x64 = Debug|x64
		Debug|x86 = Debug|x86
		Release|Any CPU = Release|Any CPU
		Release|x64 = Release|x64
		Release|x86 = Release|x86
	EndGlobalSection
	GlobalSection(ProjectConfigurationPlatforms) = postSolution
		{EC96CF69-CBA4-4620-B7C4-204001025151}.Debug|Any CPU.ActiveCfg = Debug|Any CPU
		{EC96CF69-CBA4-4620-B7C4-204001025151}.Debug|Any CPU.Build.0 = Debug|Any CPU
		{EC96CF69-CBA4-4620-B7C4-204001025151}.Debug|x64.ActiveCfg = Debug|x64
		{EC96CF69-CBA4-4620-B7C4-204001025151}.Debug|x64.Build.0 = Debug|x64
		{EC96CF69-CBA4-4620-B7C4-204001025151}.Debug|x86.ActiveCfg = Debug|x86
		{EC96CF69-CBA4-4620-B7C4-204001025151}.Debug|x86.Build.0 = Debug|x86
		{EC96CF69-CBA4-4620-B7C4-204001025151}.Release|Any CPU.ActiveCfg = Release|Any CPU
		{EC96CF69-CBA4-4620-B7C4-204001025151}.Release|Any CPU.Build.0 = Release|Any CPU
		{EC96CF69-CBA4-4620-B7C4-204001025151}.Release|x64.ActiveCfg = Release|x64
		{EC96CF69-CBA4-4620-B7C4-204001025151}.Release|x64.Build.0 = Release|x64
		{EC96CF69-CBA4-4620-B7C4-204001025151}.Release|x86.ActiveCfg = Release|Any CPU
		{EC96CF69-CBA4-4620-B7C4-204001025151}.Release|x86.Build.0 = Release|Any CPU
		{38924468-F70E-4490-8AB9-3D357762CF7C}.Debug|Any CPU.ActiveCfg = Debug|Any CPU
		{38924468-F70E-4490-8AB9-3D357762CF7C}.Debug|Any CPU.Build.0 = Debug|Any CPU
		{38924468-F70E-4490-8AB9-3D357762CF7C}.Debug|x64.ActiveCfg = Debug|x64
		{38924468-F70E-4490-8AB9-3D357762CF7C}.Debug|x64.Build.0 = Debug|x64
		{38924468-F70E-4490-8AB9-3D357762CF7C}.Debug|x86.ActiveCfg = Debug|x86
		{38924468-F70E-4490-8AB9-3D357762CF7C}.Debug|x86.Build.0 = Debug|x86
		{38924468-F70E-4490-8AB9-3D357762CF7C}.Release|Any CPU.ActiveCfg = Release|Any CPU
		{38924468-F70E-4490-8AB9-3D357762CF7C}.Release|Any CPU.Build.0 = Release|Any CPU
		{38924468-F70E-4490-8AB9-3D357762CF7C}.Release|x64.ActiveCfg = Release|x64
		{38924468-F70E-4490-8AB9-3D357762CF7C}.Release|x64.Build.0 = Release|x64
		{38924468-F70E-4490-8AB9-3D357762CF7C}.Release|x86.ActiveCfg = Release|Any CPU
		{38924468-F70E-4490-8AB9-3D357762CF7C}.Release|x86.Build.0 = Release|Any CPU
	EndGlobalSection
	GlobalSection(SolutionProperties) = preSolution
		HideSolutionNode = FALSE
	EndGlobalSection
	GlobalSection(ExtensibilityGlobals) = postSolution
		SolutionGuid = {9A9426E3-CBE7-4D8C-B95F-485BB9FF071C}
	EndGlobalSection
EndGlobal
